
Microsoft Visual Studio Solution File, Format Version 12.00
# Visual Studio Version 16
VisualStudioVersion = 16.0.28531.58
MinimumVisualStudioVersion = 10.0.40219.1
Project("{FAE04EC0-301F-11D3-BF4B-00C04F79EFBC}") = "Christ in song", "Christ in song\Christ in song.csproj", "{83EE5936-0724-4E2B-8950-A72D99A40016}"
EndProject
Project("{FAE04EC0-301F-11D3-BF4B-00C04F79EFBC}") = "ChristInSong.Core", "ChristInSong.Core\ChristInSong.Core.csproj", "{1B74413C-61C8-4E6C-8F5B-3E7BAE3D4B93}"
EndProject
Project("{FAE04EC0-301F-11D3-BF4B-00C04F79EFBC}") = "OldAppVersion", "OldAppVersion\OldAppVersion.csproj", "{BA947AEB-3C5F-4137-B085-5C12858941E0}"
EndProject
Project("{FAE04EC0-301F-11D3-BF4B-00C04F79EFBC}") = "Basic App for songs", "C:\Users\Lizalise LizHackSA\source\repos\LizHackMethods\Basic App for songs\Basic App for songs.csproj", "{D3DEB728-EF8E-4BCD-BCCA-CF99FC89A798}"
EndProject
Global
	GlobalSection(SolutionConfigurationPlatforms) = preSolution
		Ad-Hoc|Any CPU = Ad-Hoc|Any CPU
		Ad-Hoc|ARM = Ad-Hoc|ARM
		Ad-Hoc|iPhone = Ad-Hoc|iPhone
		Ad-Hoc|iPhoneSimulator = Ad-Hoc|iPhoneSimulator
		Ad-Hoc|x64 = Ad-Hoc|x64
		Ad-Hoc|x86 = Ad-Hoc|x86
		AppStore|Any CPU = AppStore|Any CPU
		AppStore|ARM = AppStore|ARM
		AppStore|iPhone = AppStore|iPhone
		AppStore|iPhoneSimulator = AppStore|iPhoneSimulator
		AppStore|x64 = AppStore|x64
		AppStore|x86 = AppStore|x86
		Debug|Any CPU = Debug|Any CPU
		Debug|ARM = Debug|ARM
		Debug|iPhone = Debug|iPhone
		Debug|iPhoneSimulator = Debug|iPhoneSimulator
		Debug|x64 = Debug|x64
		Debug|x86 = Debug|x86
		Release|Any CPU = Release|Any CPU
		Release|ARM = Release|ARM
		Release|iPhone = Release|iPhone
		Release|iPhoneSimulator = Release|iPhoneSimulator
		Release|x64 = Release|x64
		Release|x86 = Release|x86
	EndGlobalSection
	GlobalSection(ProjectConfigurationPlatforms) = postSolution
		{83EE5936-0724-4E2B-8950-A72D99A40016}.Ad-Hoc|Any CPU.ActiveCfg = Release|Any CPU
		{83EE5936-0724-4E2B-8950-A72D99A40016}.Ad-Hoc|Any CPU.Build.0 = Release|Any CPU
		{83EE5936-0724-4E2B-8950-A72D99A40016}.Ad-Hoc|ARM.ActiveCfg = Release|Any CPU
		{83EE5936-0724-4E2B-8950-A72D99A40016}.Ad-Hoc|ARM.Build.0 = Release|Any CPU
		{83EE5936-0724-4E2B-8950-A72D99A40016}.Ad-Hoc|iPhone.ActiveCfg = Release|Any CPU
		{83EE5936-0724-4E2B-8950-A72D99A40016}.Ad-Hoc|iPhone.Build.0 = Release|Any CPU
		{83EE5936-0724-4E2B-8950-A72D99A40016}.Ad-Hoc|iPhoneSimulator.ActiveCfg = Release|Any CPU
		{83EE5936-0724-4E2B-8950-A72D99A40016}.Ad-Hoc|iPhoneSimulator.Build.0 = Release|Any CPU
		{83EE5936-0724-4E2B-8950-A72D99A40016}.Ad-Hoc|x64.ActiveCfg = Release|Any CPU
		{83EE5936-0724-4E2B-8950-A72D99A40016}.Ad-Hoc|x64.Build.0 = Release|Any CPU
		{83EE5936-0724-4E2B-8950-A72D99A40016}.Ad-Hoc|x86.ActiveCfg = Release|Any CPU
		{83EE5936-0724-4E2B-8950-A72D99A40016}.Ad-Hoc|x86.Build.0 = Release|Any CPU
		{83EE5936-0724-4E2B-8950-A72D99A40016}.AppStore|Any CPU.ActiveCfg = Release|Any CPU
		{83EE5936-0724-4E2B-8950-A72D99A40016}.AppStore|Any CPU.Build.0 = Release|Any CPU
		{83EE5936-0724-4E2B-8950-A72D99A40016}.AppStore|ARM.ActiveCfg = Release|Any CPU
		{83EE5936-0724-4E2B-8950-A72D99A40016}.AppStore|ARM.Build.0 = Release|Any CPU
		{83EE5936-0724-4E2B-8950-A72D99A40016}.AppStore|iPhone.ActiveCfg = Release|Any CPU
		{83EE5936-0724-4E2B-8950-A72D99A40016}.AppStore|iPhone.Build.0 = Release|Any CPU
		{83EE5936-0724-4E2B-8950-A72D99A40016}.AppStore|iPhoneSimulator.ActiveCfg = Release|Any CPU
		{83EE5936-0724-4E2B-8950-A72D99A40016}.AppStore|iPhoneSimulator.Build.0 = Release|Any CPU
		{83EE5936-0724-4E2B-8950-A72D99A40016}.AppStore|x64.ActiveCfg = Release|Any CPU
		{83EE5936-0724-4E2B-8950-A72D99A40016}.AppStore|x64.Build.0 = Release|Any CPU
		{83EE5936-0724-4E2B-8950-A72D99A40016}.AppStore|x86.ActiveCfg = Release|Any CPU
		{83EE5936-0724-4E2B-8950-A72D99A40016}.AppStore|x86.Build.0 = Release|Any CPU
		{83EE5936-0724-4E2B-8950-A72D99A40016}.Debug|Any CPU.ActiveCfg = Debug|Any CPU
		{83EE5936-0724-4E2B-8950-A72D99A40016}.Debug|Any CPU.Build.0 = Debug|Any CPU
		{83EE5936-0724-4E2B-8950-A72D99A40016}.Debug|ARM.ActiveCfg = Debug|Any CPU
		{83EE5936-0724-4E2B-8950-A72D99A40016}.Debug|ARM.Build.0 = Debug|Any CPU
		{83EE5936-0724-4E2B-8950-A72D99A40016}.Debug|iPhone.ActiveCfg = Debug|Any CPU
		{83EE5936-0724-4E2B-8950-A72D99A40016}.Debug|iPhone.Build.0 = Debug|Any CPU
		{83EE5936-0724-4E2B-8950-A72D99A40016}.Debug|iPhoneSimulator.ActiveCfg = Debug|Any CPU
		{83EE5936-0724-4E2B-8950-A72D99A40016}.Debug|iPhoneSimulator.Build.0 = Debug|Any CPU
		{83EE5936-0724-4E2B-8950-A72D99A40016}.Debug|x64.ActiveCfg = Debug|Any CPU
		{83EE5936-0724-4E2B-8950-A72D99A40016}.Debug|x64.Build.0 = Debug|Any CPU
		{83EE5936-0724-4E2B-8950-A72D99A40016}.Debug|x86.ActiveCfg = Debug|Any CPU
		{83EE5936-0724-4E2B-8950-A72D99A40016}.Debug|x86.Build.0 = Debug|Any CPU
		{83EE5936-0724-4E2B-8950-A72D99A40016}.Release|Any CPU.ActiveCfg = Release|Any CPU
		{83EE5936-0724-4E2B-8950-A72D99A40016}.Release|Any CPU.Build.0 = Release|Any CPU
		{83EE5936-0724-4E2B-8950-A72D99A40016}.Release|ARM.ActiveCfg = Release|Any CPU
		{83EE5936-0724-4E2B-8950-A72D99A40016}.Release|ARM.Build.0 = Release|Any CPU
		{83EE5936-0724-4E2B-8950-A72D99A40016}.Release|iPhone.ActiveCfg = Release|Any CPU
		{83EE5936-0724-4E2B-8950-A72D99A40016}.Release|iPhone.Build.0 = Release|Any CPU
		{83EE5936-0724-4E2B-8950-A72D99A40016}.Release|iPhoneSimulator.ActiveCfg = Release|Any CPU
		{83EE5936-0724-4E2B-8950-A72D99A40016}.Release|iPhoneSimulator.Build.0 = Release|Any CPU
		{83EE5936-0724-4E2B-8950-A72D99A40016}.Release|x64.ActiveCfg = Release|Any CPU
		{83EE5936-0724-4E2B-8950-A72D99A40016}.Release|x64.Build.0 = Release|Any CPU
		{83EE5936-0724-4E2B-8950-A72D99A40016}.Release|x86.ActiveCfg = Release|Any CPU
		{83EE5936-0724-4E2B-8950-A72D99A40016}.Release|x86.Build.0 = Release|Any CPU
		{1B74413C-61C8-4E6C-8F5B-3E7BAE3D4B93}.Ad-Hoc|Any CPU.ActiveCfg = Release|Any CPU
		{1B74413C-61C8-4E6C-8F5B-3E7BAE3D4B93}.Ad-Hoc|Any CPU.Build.0 = Release|Any CPU
		{1B74413C-61C8-4E6C-8F5B-3E7BAE3D4B93}.Ad-Hoc|ARM.ActiveCfg = Release|Any CPU
		{1B74413C-61C8-4E6C-8F5B-3E7BAE3D4B93}.Ad-Hoc|ARM.Build.0 = Release|Any CPU
		{1B74413C-61C8-4E6C-8F5B-3E7BAE3D4B93}.Ad-Hoc|iPhone.ActiveCfg = Release|Any CPU
		{1B74413C-61C8-4E6C-8F5B-3E7BAE3D4B93}.Ad-Hoc|iPhone.Build.0 = Release|Any CPU
		{1B74413C-61C8-4E6C-8F5B-3E7BAE3D4B93}.Ad-Hoc|iPhoneSimulator.ActiveCfg = Release|Any CPU
		{1B74413C-61C8-4E6C-8F5B-3E7BAE3D4B93}.Ad-Hoc|iPhoneSimulator.Build.0 = Release|Any CPU
		{1B74413C-61C8-4E6C-8F5B-3E7BAE3D4B93}.Ad-Hoc|x64.ActiveCfg = Release|Any CPU
		{1B74413C-61C8-4E6C-8F5B-3E7BAE3D4B93}.Ad-Hoc|x64.Build.0 = Release|Any CPU
		{1B74413C-61C8-4E6C-8F5B-3E7BAE3D4B93}.Ad-Hoc|x86.ActiveCfg = Release|Any CPU
		{1B74413C-61C8-4E6C-8F5B-3E7BAE3D4B93}.Ad-Hoc|x86.Build.0 = Release|Any CPU
		{1B74413C-61C8-4E6C-8F5B-3E7BAE3D4B93}.AppStore|Any CPU.ActiveCfg = Release|Any CPU
		{1B74413C-61C8-4E6C-8F5B-3E7BAE3D4B93}.AppStore|Any CPU.Build.0 = Release|Any CPU
		{1B74413C-61C8-4E6C-8F5B-3E7BAE3D4B93}.AppStore|ARM.ActiveCfg = Release|Any CPU
		{1B74413C-61C8-4E6C-8F5B-3E7BAE3D4B93}.AppStore|ARM.Build.0 = Release|Any CPU
		{1B74413C-61C8-4E6C-8F5B-3E7BAE3D4B93}.AppStore|iPhone.ActiveCfg = Release|Any CPU
		{1B74413C-61C8-4E6C-8F5B-3E7BAE3D4B93}.AppStore|iPhone.Build.0 = Release|Any CPU
		{1B74413C-61C8-4E6C-8F5B-3E7BAE3D4B93}.AppStore|iPhoneSimulator.ActiveCfg = Release|Any CPU
		{1B74413C-61C8-4E6C-8F5B-3E7BAE3D4B93}.AppStore|iPhoneSimulator.Build.0 = Release|Any CPU
		{1B74413C-61C8-4E6C-8F5B-3E7BAE3D4B93}.AppStore|x64.ActiveCfg = Release|Any CPU
		{1B74413C-61C8-4E6C-8F5B-3E7BAE3D4B93}.AppStore|x64.Build.0 = Release|Any CPU
		{1B74413C-61C8-4E6C-8F5B-3E7BAE3D4B93}.AppStore|x86.ActiveCfg = Release|Any CPU
		{1B74413C-61C8-4E6C-8F5B-3E7BAE3D4B93}.AppStore|x86.Build.0 = Release|Any CPU
		{1B74413C-61C8-4E6C-8F5B-3E7BAE3D4B93}.Debug|Any CPU.ActiveCfg = Debug|Any CPU
		{1B74413C-61C8-4E6C-8F5B-3E7BAE3D4B93}.Debug|Any CPU.Build.0 = Debug|Any CPU
		{1B74413C-61C8-4E6C-8F5B-3E7BAE3D4B93}.Debug|ARM.ActiveCfg = Debug|Any CPU
		{1B74413C-61C8-4E6C-8F5B-3E7BAE3D4B93}.Debug|ARM.Build.0 = Debug|Any CPU
		{1B74413C-61C8-4E6C-8F5B-3E7BAE3D4B93}.Debug|iPhone.ActiveCfg = Debug|Any CPU
		{1B74413C-61C8-4E6C-8F5B-3E7BAE3D4B93}.Debug|iPhone.Build.0 = Debug|Any CPU
		{1B74413C-61C8-4E6C-8F5B-3E7BAE3D4B93}.Debug|iPhoneSimulator.ActiveCfg = Debug|Any CPU
		{1B74413C-61C8-4E6C-8F5B-3E7BAE3D4B93}.Debug|iPhoneSimulator.Build.0 = Debug|Any CPU
		{1B74413C-61C8-4E6C-8F5B-3E7BAE3D4B93}.Debug|x64.ActiveCfg = Debug|Any CPU
		{1B74413C-61C8-4E6C-8F5B-3E7BAE3D4B93}.Debug|x64.Build.0 = Debug|Any CPU
		{1B74413C-61C8-4E6C-8F5B-3E7BAE3D4B93}.Debug|x86.ActiveCfg = Debug|Any CPU
		{1B74413C-61C8-4E6C-8F5B-3E7BAE3D4B93}.Debug|x86.Build.0 = Debug|Any CPU
		{1B74413C-61C8-4E6C-8F5B-3E7BAE3D4B93}.Release|Any CPU.ActiveCfg = Release|Any CPU
		{1B74413C-61C8-4E6C-8F5B-3E7BAE3D4B93}.Release|Any CPU.Build.0 = Release|Any CPU
		{1B74413C-61C8-4E6C-8F5B-3E7BAE3D4B93}.Release|ARM.ActiveCfg = Release|Any CPU
		{1B74413C-61C8-4E6C-8F5B-3E7BAE3D4B93}.Release|ARM.Build.0 = Release|Any CPU
		{1B74413C-61C8-4E6C-8F5B-3E7BAE3D4B93}.Release|iPhone.ActiveCfg = Release|Any CPU
		{1B74413C-61C8-4E6C-8F5B-3E7BAE3D4B93}.Release|iPhone.Build.0 = Release|Any CPU
		{1B74413C-61C8-4E6C-8F5B-3E7BAE3D4B93}.Release|iPhoneSimulator.ActiveCfg = Release|Any CPU
		{1B74413C-61C8-4E6C-8F5B-3E7BAE3D4B93}.Release|iPhoneSimulator.Build.0 = Release|Any CPU
		{1B74413C-61C8-4E6C-8F5B-3E7BAE3D4B93}.Release|x64.ActiveCfg = Release|Any CPU
		{1B74413C-61C8-4E6C-8F5B-3E7BAE3D4B93}.Release|x64.Build.0 = Release|Any CPU
		{1B74413C-61C8-4E6C-8F5B-3E7BAE3D4B93}.Release|x86.ActiveCfg = Release|Any CPU
		{1B74413C-61C8-4E6C-8F5B-3E7BAE3D4B93}.Release|x86.Build.0 = Release|Any CPU
		{BA947AEB-3C5F-4137-B085-5C12858941E0}.Ad-Hoc|Any CPU.ActiveCfg = Release|Any CPU
		{BA947AEB-3C5F-4137-B085-5C12858941E0}.Ad-Hoc|ARM.ActiveCfg = Release|Any CPU
		{BA947AEB-3C5F-4137-B085-5C12858941E0}.Ad-Hoc|iPhone.ActiveCfg = Release|Any CPU
		{BA947AEB-3C5F-4137-B085-5C12858941E0}.Ad-Hoc|iPhoneSimulator.ActiveCfg = Release|Any CPU
		{BA947AEB-3C5F-4137-B085-5C12858941E0}.Ad-Hoc|x64.ActiveCfg = Release|Any CPU
		{BA947AEB-3C5F-4137-B085-5C12858941E0}.Ad-Hoc|x86.ActiveCfg = Release|Any CPU
		{BA947AEB-3C5F-4137-B085-5C12858941E0}.AppStore|Any CPU.ActiveCfg = Release|Any CPU
		{BA947AEB-3C5F-4137-B085-5C12858941E0}.AppStore|ARM.ActiveCfg = Release|Any CPU
		{BA947AEB-3C5F-4137-B085-5C12858941E0}.AppStore|iPhone.ActiveCfg = Release|Any CPU
		{BA947AEB-3C5F-4137-B085-5C12858941E0}.AppStore|iPhoneSimulator.ActiveCfg = Release|Any CPU
		{BA947AEB-3C5F-4137-B085-5C12858941E0}.AppStore|x64.ActiveCfg = Release|Any CPU
		{BA947AEB-3C5F-4137-B085-5C12858941E0}.AppStore|x86.ActiveCfg = Release|Any CPU
		{BA947AEB-3C5F-4137-B085-5C12858941E0}.Debug|Any CPU.ActiveCfg = Debug|Any CPU
		{BA947AEB-3C5F-4137-B085-5C12858941E0}.Debug|Any CPU.Build.0 = Debug|Any CPU
		{BA947AEB-3C5F-4137-B085-5C12858941E0}.Debug|ARM.ActiveCfg = Debug|Any CPU
		{BA947AEB-3C5F-4137-B085-5C12858941E0}.Debug|iPhone.ActiveCfg = Debug|Any CPU
		{BA947AEB-3C5F-4137-B085-5C12858941E0}.Debug|iPhoneSimulator.ActiveCfg = Debug|Any CPU
		{BA947AEB-3C5F-4137-B085-5C12858941E0}.Debug|x64.ActiveCfg = Debug|Any CPU
		{BA947AEB-3C5F-4137-B085-5C12858941E0}.Debug|x86.ActiveCfg = Debug|Any CPU
		{BA947AEB-3C5F-4137-B085-5C12858941E0}.Release|Any CPU.ActiveCfg = Release|Any CPU
		{BA947AEB-3C5F-4137-B085-5C12858941E0}.Release|Any CPU.Build.0 = Release|Any CPU
		{BA947AEB-3C5F-4137-B085-5C12858941E0}.Release|ARM.ActiveCfg = Release|Any CPU
		{BA947AEB-3C5F-4137-B085-5C12858941E0}.Release|iPhone.ActiveCfg = Release|Any CPU
		{BA947AEB-3C5F-4137-B085-5C12858941E0}.Release|iPhoneSimulator.ActiveCfg = Release|Any CPU
		{BA947AEB-3C5F-4137-B085-5C12858941E0}.Release|x64.ActiveCfg = Release|Any CPU
		{BA947AEB-3C5F-4137-B085-5C12858941E0}.Release|x86.ActiveCfg = Release|Any CPU
		{D3DEB728-EF8E-4BCD-BCCA-CF99FC89A798}.Ad-Hoc|Any CPU.ActiveCfg = Release|Any CPU
		{D3DEB728-EF8E-4BCD-BCCA-CF99FC89A798}.Ad-Hoc|ARM.ActiveCfg = Release|Any CPU
		{D3DEB728-EF8E-4BCD-BCCA-CF99FC89A798}.Ad-Hoc|iPhone.ActiveCfg = Release|Any CPU
		{D3DEB728-EF8E-4BCD-BCCA-CF99FC89A798}.Ad-Hoc|iPhoneSimulator.ActiveCfg = Release|Any CPU
		{D3DEB728-EF8E-4BCD-BCCA-CF99FC89A798}.Ad-Hoc|x64.ActiveCfg = Release|Any CPU
		{D3DEB728-EF8E-4BCD-BCCA-CF99FC89A798}.Ad-Hoc|x86.ActiveCfg = Release|Any CPU
		{D3DEB728-EF8E-4BCD-BCCA-CF99FC89A798}.AppStore|Any CPU.ActiveCfg = Release|Any CPU
		{D3DEB728-EF8E-4BCD-BCCA-CF99FC89A798}.AppStore|ARM.ActiveCfg = Release|Any CPU
		{D3DEB728-EF8E-4BCD-BCCA-CF99FC89A798}.AppStore|iPhone.ActiveCfg = Release|Any CPU
		{D3DEB728-EF8E-4BCD-BCCA-CF99FC89A798}.AppStore|iPhoneSimulator.ActiveCfg = Release|Any CPU
		{D3DEB728-EF8E-4BCD-BCCA-CF99FC89A798}.AppStore|x64.ActiveCfg = Release|Any CPU
		{D3DEB728-EF8E-4BCD-BCCA-CF99FC89A798}.AppStore|x86.ActiveCfg = Release|Any CPU
		{D3DEB728-EF8E-4BCD-BCCA-CF99FC89A798}.Debug|Any CPU.ActiveCfg = Debug|Any CPU
		{D3DEB728-EF8E-4BCD-BCCA-CF99FC89A798}.Debug|Any CPU.Build.0 = Debug|Any CPU
		{D3DEB728-EF8E-4BCD-BCCA-CF99FC89A798}.Debug|ARM.ActiveCfg = Debug|Any CPU
		{D3DEB728-EF8E-4BCD-BCCA-CF99FC89A798}.Debug|iPhone.ActiveCfg = Debug|Any CPU
		{D3DEB728-EF8E-4BCD-BCCA-CF99FC89A798}.Debug|iPhoneSimulator.ActiveCfg = Debug|Any CPU
		{D3DEB728-EF8E-4BCD-BCCA-CF99FC89A798}.Debug|x64.ActiveCfg = Debug|Any CPU
		{D3DEB728-EF8E-4BCD-BCCA-CF99FC89A798}.Debug|x86.ActiveCfg = Debug|Any CPU
		{D3DEB728-EF8E-4BCD-BCCA-CF99FC89A798}.Release|Any CPU.ActiveCfg = Release|Any CPU
		{D3DEB728-EF8E-4BCD-BCCA-CF99FC89A798}.Release|Any CPU.Build.0 = Release|Any CPU
		{D3DEB728-EF8E-4BCD-BCCA-CF99FC89A798}.Release|ARM.ActiveCfg = Release|Any CPU
		{D3DEB728-EF8E-4BCD-BCCA-CF99FC89A798}.Release|iPhone.ActiveCfg = Release|Any CPU
		{D3DEB728-EF8E-4BCD-BCCA-CF99FC89A798}.Release|iPhoneSimulator.ActiveCfg = Release|Any CPU
		{D3DEB728-EF8E-4BCD-BCCA-CF99FC89A798}.Release|x64.ActiveCfg = Release|Any CPU
		{D3DEB728-EF8E-4BCD-BCCA-CF99FC89A798}.Release|x86.ActiveCfg = Release|Any CPU
	EndGlobalSection
	GlobalSection(SolutionProperties) = preSolution
		HideSolutionNode = FALSE
	EndGlobalSection
	GlobalSection(ExtensibilityGlobals) = postSolution
		SolutionGuid = {B5EC91CB-0A22-4056-B7B1-481B4C33B7FF}
	EndGlobalSection
EndGlobal
